
Microsoft Visual Studio Solution File, Format Version 12.00
# Visual Studio Version 16
VisualStudioVersion = 16.0.31729.503
MinimumVisualStudioVersion = 10.0.40219.1
Project("{FAE04EC0-301F-11D3-BF4B-00C04F79EFBC}") = "Admin", "Admin.csproj", "{1A75C13A-4C7D-4370-B9A9-B3418865E8FF}"
EndProject
Global
	GlobalSection(SolutionConfigurationPlatforms) = preSolution
		Debug|Any CPU = Debug|Any CPU
		Release|Any CPU = Release|Any CPU
	EndGlobalSection
	GlobalSection(ProjectConfigurationPlatforms) = postSolution
		{1A75C13A-4C7D-4370-B9A9-B3418865E8FF}.Debug|Any CPU.ActiveCfg = Debug|Any CPU
		{1A75C13A-4C7D-4370-B9A9-B3418865E8FF}.Debug|Any CPU.Build.0 = Debug|Any CPU
		{1A75C13A-4C7D-4370-B9A9-B3418865E8FF}.Release|Any CPU.ActiveCfg = Release|Any CPU
		{1A75C13A-4C7D-4370-B9A9-B3418865E8FF}.Release|Any CPU.Build.0 = Release|Any CPU
	EndGlobalSection
	GlobalSection(SolutionProperties) = preSolution
		HideSolutionNode = FALSE
	EndGlobalSection
	GlobalSection(ExtensibilityGlobals) = postSolution
		SolutionGuid = {A176AAA0-43E4-4D2A-A230-7FEAC1AE5BF0}
	EndGlobalSection
EndGlobal
